
Microsoft Visual Studio Solution File, Format Version 12.00
# Visual Studio Version 16
VisualStudioVersion = 16.0.30804.86
MinimumVisualStudioVersion = 10.0.40219.1
Project("{FAE04EC0-301F-11D3-BF4B-00C04F79EFBC}") = "KlientSaveliy", "KlientSaveliy\KlientSaveliy.csproj", "{56C595A9-CFBE-4B13-BE4C-41C3459AB138}"
EndProject
Global
	GlobalSection(SolutionConfigurationPlatforms) = preSolution
		Debug|Any CPU = Debug|Any CPU
		Release|Any CPU = Release|Any CPU
	EndGlobalSection
	GlobalSection(ProjectConfigurationPlatforms) = postSolution
		{56C595A9-CFBE-4B13-BE4C-41C3459AB138}.Debug|Any CPU.ActiveCfg = Debug|Any CPU
		{56C595A9-CFBE-4B13-BE4C-41C3459AB138}.Debug|Any CPU.Build.0 = Debug|Any CPU
		{56C595A9-CFBE-4B13-BE4C-41C3459AB138}.Release|Any CPU.ActiveCfg = Release|Any CPU
		{56C595A9-CFBE-4B13-BE4C-41C3459AB138}.Release|Any CPU.Build.0 = Release|Any CPU
	EndGlobalSection
	GlobalSection(SolutionProperties) = preSolution
		HideSolutionNode = FALSE
	EndGlobalSection
	GlobalSection(ExtensibilityGlobals) = postSolution
		SolutionGuid = {B607E9D2-B78A-422F-B410-4E39518E38B2}
	EndGlobalSection
EndGlobal
